
Microsoft Visual Studio Solution File, Format Version 12.00
# Visual Studio Version 16
VisualStudioVersion = 16.0.30804.86
MinimumVisualStudioVersion = 10.0.40219.1
Project("{FAE04EC0-301F-11D3-BF4B-00C04F79EFBC}") = "Dialog Builder 2", "Dialog Builder 2\Dialog Builder 2.csproj", "{2DC63D61-7AC9-44BE-80A4-6B1E8E9D767F}"
EndProject
Global
	GlobalSection(SolutionConfigurationPlatforms) = preSolution
		Debug|Any CPU = Debug|Any CPU
		Release|Any CPU = Release|Any CPU
	EndGlobalSection
	GlobalSection(ProjectConfigurationPlatforms) = postSolution
		{2DC63D61-7AC9-44BE-80A4-6B1E8E9D767F}.Debug|Any CPU.ActiveCfg = Debug|Any CPU
		{2DC63D61-7AC9-44BE-80A4-6B1E8E9D767F}.Debug|Any CPU.Build.0 = Debug|Any CPU
		{2DC63D61-7AC9-44BE-80A4-6B1E8E9D767F}.Release|Any CPU.ActiveCfg = Release|Any CPU
		{2DC63D61-7AC9-44BE-80A4-6B1E8E9D767F}.Release|Any CPU.Build.0 = Release|Any CPU
	EndGlobalSection
	GlobalSection(SolutionProperties) = preSolution
		HideSolutionNode = FALSE
	EndGlobalSection
	GlobalSection(ExtensibilityGlobals) = postSolution
		SolutionGuid = {22BAAFE6-5470-443B-B69B-E6641A1DEAF0}
	EndGlobalSection
EndGlobal
